
Microsoft Visual Studio Solution File, Format Version 12.00
# Visual Studio Version 17
VisualStudioVersion = 17.5.002.0
MinimumVisualStudioVersion = 10.0.40219.1
Project("{9A19103F-16F7-4668-BE54-9A1E7A4F7556}") = "0.3 Desafios de Código Coding The Future Avanade", "0.3 Desafios de Código Coding The Future Avanade.csproj", "{B0E82015-74D7-43FD-B4D9-E8F575673C26}"
EndProject
Global
	GlobalSection(SolutionConfigurationPlatforms) = preSolution
		Debug|Any CPU = Debug|Any CPU
		Release|Any CPU = Release|Any CPU
	EndGlobalSection
	GlobalSection(ProjectConfigurationPlatforms) = postSolution
		{B0E82015-74D7-43FD-B4D9-E8F575673C26}.Debug|Any CPU.ActiveCfg = Debug|Any CPU
		{B0E82015-74D7-43FD-B4D9-E8F575673C26}.Debug|Any CPU.Build.0 = Debug|Any CPU
		{B0E82015-74D7-43FD-B4D9-E8F575673C26}.Release|Any CPU.ActiveCfg = Release|Any CPU
		{B0E82015-74D7-43FD-B4D9-E8F575673C26}.Release|Any CPU.Build.0 = Release|Any CPU
	EndGlobalSection
	GlobalSection(SolutionProperties) = preSolution
		HideSolutionNode = FALSE
	EndGlobalSection
	GlobalSection(ExtensibilityGlobals) = postSolution
		SolutionGuid = {4D06BB62-C88A-4611-9FA0-C44F6CB87080}
	EndGlobalSection
EndGlobal
